<?xml version="1.0"?>
<CONFIG>
  <ProjectOptions>
    <Version Value="9"/>
    <General>
      <Flags>
        <LRSInOutputDirectory Value="False"/>
      </Flags>
      <MainUnit Value="0"/>
      <ActiveWindowIndexAtStart Value="0"/>
    </General>
    <VersionInfo>
      <Language Value=""/>
      <CharSet Value=""/>
      <StringTable ProductVersion=""/>
    </VersionInfo>
    <BuildModes Count="1">
      <Item1 Name="default" Default="True"/>
    </BuildModes>
    <PublishOptions>
      <Version Value="2"/>
      <IgnoreBinaries Value="False"/>
      <IncludeFileFilter Value="*.(pas|pp|inc|lfm|lpr|lrs|lpi|lpk|sh|xml)"/>
      <ExcludeFileFilter Value="*.(bak|ppu|ppw|o|so);*~;backup"/>
    </PublishOptions>
    <RunParams>
      <local>
        <FormatVersion Value="1"/>
        <LaunchingApplication PathPlusParams="/usr/X11R6/bin/xterm -T 'Lazarus Run Output' -e $(LazarusDir)/tools/runwait.sh $(TargetCmdLine)"/>
      </local>
    </RunParams>
    <RequiredPackages Count="1">
      <Item1>
        <PackageName Value="LCL"/>
      </Item1>
    </RequiredPackages>
    <Units Count="42">
      <Unit0>
        <Filename Value="EdAgnGlt.lpr"/>
        <IsPartOfProject Value="True"/>
        <TopLine Value="1"/>
        <CursorPos X="29" Y="30"/>
        <UsageCount Value="71"/>
      </Unit0>
      <Unit1>
        <Filename Value="EditorAgentes.pas"/>
        <IsPartOfProject Value="True"/>
        <ComponentName Value="frmEditorAgentes"/>
        <HasResources Value="True"/>
        <ResourceBaseClass Value="Form"/>
        <UnitName Value="EditorAgentes"/>
        <WindowIndex Value="0"/>
        <TopLine Value="1276"/>
        <CursorPos X="11" Y="1285"/>
        <UsageCount Value="71"/>
      </Unit1>
      <Unit2>
        <Filename Value="NuevoJuegoAgentes.pas"/>
        <IsPartOfProject Value="True"/>
        <ComponentName Value="frmNuevoJuegoAgentes"/>
        <HasResources Value="True"/>
        <ResourceBaseClass Value="Form"/>
        <UnitName Value="NuevoJuegoAgentes"/>
        <TopLine Value="1"/>
        <CursorPos X="3" Y="8"/>
        <UsageCount Value="71"/>
      </Unit2>
      <Unit3>
        <Filename Value="PropiedadesJuegoAgentes.pas"/>
        <IsPartOfProject Value="True"/>
        <ComponentName Value="frmPropiedadesJuegoAgentes"/>
        <HasResources Value="True"/>
        <ResourceBaseClass Value="Form"/>
        <UnitName Value="PropiedadesJuegoAgentes"/>
        <TopLine Value="1"/>
        <CursorPos X="3" Y="8"/>
        <UsageCount Value="71"/>
      </Unit3>
      <Unit4>
        <Filename Value="Genetica.pas"/>
        <IsPartOfProject Value="True"/>
        <ComponentName Value="frmGenetica"/>
        <HasResources Value="True"/>
        <ResourceBaseClass Value="Form"/>
        <UnitName Value="Genetica"/>
        <WindowIndex Value="0"/>
        <TopLine Value="243"/>
        <CursorPos X="3" Y="261"/>
        <UsageCount Value="71"/>
      </Unit4>
      <Unit5>
        <Filename Value="GeneralesAg.pas"/>
        <IsPartOfProject Value="True"/>
        <ComponentName Value="frmGeneralesAg"/>
        <HasResources Value="True"/>
        <ResourceBaseClass Value="Form"/>
        <UnitName Value="GeneralesAg"/>
        <TopLine Value="1"/>
        <CursorPos X="3" Y="8"/>
        <UsageCount Value="71"/>
      </Unit5>
      <Unit6>
        <Filename Value="SeleccionaJuego.pas"/>
        <IsPartOfProject Value="True"/>
        <ComponentName Value="frmSeleccionaJuego"/>
        <HasResources Value="True"/>
        <UnitName Value="SeleccionaJuego"/>
        <TopLine Value="23"/>
        <CursorPos X="20" Y="23"/>
        <UsageCount Value="71"/>
      </Unit6>
      <Unit7>
        <Filename Value="Prototipos.pas"/>
        <IsPartOfProject Value="True"/>
        <ComponentName Value="frmPrototipos"/>
        <HasResources Value="True"/>
        <UnitName Value="Prototipos"/>
        <TopLine Value="44"/>
        <CursorPos X="18" Y="59"/>
        <UsageCount Value="71"/>
      </Unit7>
      <Unit8>
        <Filename Value="EditarPrototipo.pas"/>
        <IsPartOfProject Value="True"/>
        <ComponentName Value="frmEditarPrototipo"/>
        <HasResources Value="True"/>
        <ResourceBaseClass Value="Form"/>
        <UnitName Value="EditarPrototipo"/>
        <WindowIndex Value="0"/>
        <TopLine Value="676"/>
        <CursorPos X="2" Y="678"/>
        <UsageCount Value="71"/>
      </Unit8>
      <Unit9>
        <Filename Value="MatricesInteraccion.pas"/>
        <IsPartOfProject Value="True"/>
        <ComponentName Value="frmMatricesInteraccion"/>
        <HasResources Value="True"/>
        <ResourceBaseClass Value="Form"/>
        <UnitName Value="MatricesInteraccion"/>
        <TopLine Value="105"/>
        <CursorPos X="3" Y="132"/>
        <UsageCount Value="71"/>
      </Unit9>
      <Unit10>
        <Filename Value="LlenarCelda.pas"/>
        <IsPartOfProject Value="True"/>
        <ComponentName Value="frmLlenarCelda"/>
        <HasResources Value="True"/>
        <ResourceBaseClass Value="Form"/>
        <UnitName Value="LlenarCelda"/>
        <IsVisibleTab Value="True"/>
        <EditorIndex Value="0"/>
        <WindowIndex Value="0"/>
        <TopLine Value="390"/>
        <CursorPos X="34" Y="403"/>
        <UsageCount Value="71"/>
        <Loaded Value="True"/>
        <LoadedDesigner Value="True"/>
      </Unit10>
      <Unit11>
        <Filename Value="Fisiologia.pas"/>
        <IsPartOfProject Value="True"/>
        <ComponentName Value="frmFisiologia"/>
        <HasResources Value="True"/>
        <ResourceBaseClass Value="Form"/>
        <UnitName Value="Fisiologia"/>
        <WindowIndex Value="0"/>
        <TopLine Value="364"/>
        <CursorPos X="33" Y="372"/>
        <UsageCount Value="71"/>
        <Bookmarks Count="2">
          <Item0 X="3" Y="1092" ID="1"/>
          <Item1 X="3" Y="795" ID="2"/>
        </Bookmarks>
      </Unit11>
      <Unit12>
        <Filename Value="Estadios.pas"/>
        <IsPartOfProject Value="True"/>
        <ComponentName Value="frmEstadios"/>
        <HasResources Value="True"/>
        <ResourceBaseClass Value="Form"/>
        <UnitName Value="Estadios"/>
        <TopLine Value="1"/>
        <CursorPos X="3" Y="8"/>
        <UsageCount Value="71"/>
      </Unit12>
      <Unit13>
        <Filename Value="AcercaEdAg.pas"/>
        <IsPartOfProject Value="True"/>
        <ComponentName Value="frmAcerca"/>
        <HasResources Value="True"/>
        <ResourceBaseClass Value="Form"/>
        <UnitName Value="AcercaEdAg"/>
        <TopLine Value="1"/>
        <CursorPos X="3" Y="8"/>
        <UsageCount Value="71"/>
      </Unit13>
      <Unit14>
        <Filename Value="EditarEstadio.pas"/>
        <IsPartOfProject Value="True"/>
        <ComponentName Value="frmEditarEstadio"/>
        <HasResources Value="True"/>
        <ResourceBaseClass Value="Form"/>
        <UnitName Value="EditarEstadio"/>
        <WindowIndex Value="0"/>
        <TopLine Value="409"/>
        <CursorPos X="63" Y="426"/>
        <UsageCount Value="71"/>
      </Unit14>
      <Unit15>
        <Filename Value="Atractividad.pas"/>
        <IsPartOfProject Value="True"/>
        <ComponentName Value="frmAtractividad"/>
        <HasResources Value="True"/>
        <ResourceBaseClass Value="Form"/>
        <UnitName Value="Atractividad"/>
        <WindowIndex Value="0"/>
        <TopLine Value="77"/>
        <CursorPos X="3" Y="79"/>
        <UsageCount Value="71"/>
      </Unit15>
      <Unit16>
        <Filename Value="EditorFormulas.pas"/>
        <IsPartOfProject Value="True"/>
        <ComponentName Value="frmEditorFormulas"/>
        <HasResources Value="True"/>
        <ResourceBaseClass Value="Form"/>
        <UnitName Value="EditorFormulas"/>
        <WindowIndex Value="0"/>
        <TopLine Value="151"/>
        <CursorPos X="3" Y="153"/>
        <UsageCount Value="71"/>
      </Unit16>
      <Unit17>
        <Filename Value="MemoriaConducta.pas"/>
        <IsPartOfProject Value="True"/>
        <ComponentName Value="frmMemoriaConducta"/>
        <HasResources Value="True"/>
        <ResourceBaseClass Value="Form"/>
        <UnitName Value="MemoriaConducta"/>
        <TopLine Value="14"/>
        <CursorPos X="34" Y="41"/>
        <UsageCount Value="71"/>
      </Unit17>
      <Unit18>
        <Filename Value="Morfologia.pas"/>
        <IsPartOfProject Value="True"/>
        <ComponentName Value="frmMorfologia"/>
        <HasResources Value="True"/>
        <ResourceBaseClass Value="Form"/>
        <UnitName Value="Morfologia"/>
        <WindowIndex Value="0"/>
        <TopLine Value="47"/>
        <CursorPos X="1" Y="61"/>
        <UsageCount Value="71"/>
      </Unit18>
      <Unit19>
        <Filename Value="Asignacion.pas"/>
        <IsPartOfProject Value="True"/>
        <ComponentName Value="frmAsignacion"/>
        <HasResources Value="True"/>
        <ResourceBaseClass Value="Form"/>
        <UnitName Value="Asignacion"/>
        <WindowIndex Value="0"/>
        <TopLine Value="33"/>
        <CursorPos X="3" Y="44"/>
        <UsageCount Value="71"/>
      </Unit19>
      <Unit20>
        <Filename Value="ExportarAgentes.pas"/>
        <IsPartOfProject Value="True"/>
        <ComponentName Value="frmExportar"/>
        <HasResources Value="True"/>
        <UnitName Value="ExportarAgentes"/>
        <TopLine Value="824"/>
        <CursorPos X="1" Y="842"/>
        <UsageCount Value="71"/>
      </Unit20>
      <Unit21>
        <Filename Value="EditorNotas.pas"/>
        <IsPartOfProject Value="True"/>
        <ComponentName Value="frmEditorNotas"/>
        <HasResources Value="True"/>
        <ResourceBaseClass Value="Form"/>
        <UnitName Value="EditorNotas"/>
        <TopLine Value="25"/>
        <CursorPos X="16" Y="52"/>
        <UsageCount Value="71"/>
      </Unit21>
      <Unit22>
        <Filename Value="../../../usr/share/lazarus/lcl/include/application.inc"/>
        <TopLine Value="326"/>
        <CursorPos X="1" Y="342"/>
        <UsageCount Value="11"/>
      </Unit22>
      <Unit23>
        <Filename Value="../../../usr/share/lazarus/lcl/include/winapi.inc"/>
        <TopLine Value="274"/>
        <CursorPos X="1" Y="290"/>
        <UsageCount Value="11"/>
      </Unit23>
      <Unit24>
        <Filename Value="../../../usr/share/lazarus/lcl/grids.pas"/>
        <UnitName Value="Grids"/>
        <TopLine Value="6779"/>
        <CursorPos X="1" Y="6795"/>
        <UsageCount Value="9"/>
      </Unit24>
      <Unit25>
        <Filename Value="Calculate.pas"/>
        <UnitName Value="Calculate"/>
        <TopLine Value="289"/>
        <CursorPos X="37" Y="304"/>
        <UsageCount Value="10"/>
        <Bookmarks Count="1">
          <Item0 X="7" Y="304" ID="1"/>
        </Bookmarks>
      </Unit25>
      <Unit26>
        <Filename Value="JuegoAgentes.pas"/>
        <UnitName Value="JuegoAgentes"/>
        <TopLine Value="1406"/>
        <CursorPos X="7" Y="1422"/>
        <UsageCount Value="11"/>
      </Unit26>
      <Unit27>
        <Filename Value="Prototipos.lrs"/>
        <TopLine Value="2"/>
        <CursorPos X="4" Y="101"/>
        <UsageCount Value="9"/>
      </Unit27>
      <Unit28>
        <Filename Value="../../../usr/lib/lazarus/lcl/grids.pas"/>
        <UnitName Value="Grids"/>
        <TopLine Value="6780"/>
        <CursorPos X="1" Y="6795"/>
        <UsageCount Value="9"/>
      </Unit28>
      <Unit29>
        <Filename Value="../../../usr/lib/lazarus/lcl/include/customform.inc"/>
        <TopLine Value="1965"/>
        <CursorPos X="1" Y="1980"/>
        <UsageCount Value="9"/>
      </Unit29>
      <Unit30>
        <Filename Value="../../../usr/lib/lazarus/lcl/include/dragdock.inc"/>
        <TopLine Value="94"/>
        <CursorPos X="1" Y="109"/>
        <UsageCount Value="9"/>
      </Unit30>
      <Unit31>
        <Filename Value="../../../usr/lib/lazarus/lcl/include/control.inc"/>
        <TopLine Value="1224"/>
        <CursorPos X="1" Y="1239"/>
        <UsageCount Value="9"/>
      </Unit31>
      <Unit32>
        <Filename Value="../../../usr/lib/lazarus/lcl/include/winapi.inc"/>
        <TopLine Value="375"/>
        <CursorPos X="1" Y="391"/>
        <UsageCount Value="9"/>
      </Unit32>
      <Unit33>
        <Filename Value="../../../usr/lib/lazarus/lcl/interfaces/gtk/gtkwinapi.inc"/>
        <TopLine Value="5515"/>
        <CursorPos X="1" Y="5530"/>
        <UsageCount Value="9"/>
      </Unit33>
      <Unit34>
        <Filename Value="../../../usr/lib/lazarus/lcl/interfaces/gtk/gtkproc.inc"/>
        <TopLine Value="365"/>
        <CursorPos X="1" Y="380"/>
        <UsageCount Value="9"/>
      </Unit34>
      <Unit35>
        <Filename Value="../../../usr/lib/lazarus/lcl/interfaces/gtk/gtk1extra.inc"/>
        <TopLine Value="305"/>
        <CursorPos X="1" Y="320"/>
        <UsageCount Value="9"/>
      </Unit35>
      <Unit36>
        <Filename Value="../../../usr/lib/lazarus/lcl/include/wincontrol.inc"/>
        <TopLine Value="4628"/>
        <CursorPos X="1" Y="4643"/>
        <UsageCount Value="9"/>
      </Unit36>
      <Unit37>
        <Filename Value="../../../usr/lib/lazarus/lcl/controls.pp"/>
        <UnitName Value="Controls"/>
        <TopLine Value="2393"/>
        <CursorPos X="1" Y="2408"/>
        <UsageCount Value="9"/>
      </Unit37>
      <Unit38>
        <Filename Value="../../../usr/lib/lazarus/lcl/forms.pp"/>
        <UnitName Value="Forms"/>
        <TopLine Value="490"/>
        <CursorPos X="14" Y="505"/>
        <UsageCount Value="9"/>
      </Unit38>
      <Unit39>
        <Filename Value="Comunes.pas"/>
        <UnitName Value="Comunes"/>
        <TopLine Value="344"/>
        <CursorPos X="29" Y="359"/>
        <UsageCount Value="9"/>
      </Unit39>
      <Unit40>
        <Filename Value="/usr/lib/lazarus/0.9.30/components/lnet/lib/lcommon.pp"/>
        <UnitName Value="lCommon"/>
        <TopLine Value="510"/>
        <CursorPos X="1" Y="532"/>
        <UsageCount Value="10"/>
      </Unit40>
      <Unit41>
        <Filename Value="/usr/lib/lazarus/0.9.30/components/lnet/lazaruspackage/lclgtkeventer.inc"/>
        <WindowIndex Value="0"/>
        <TopLine Value="87"/>
        <CursorPos X="1" Y="109"/>
        <UsageCount Value="10"/>
      </Unit41>
    </Units>
    <JumpHistory Count="23" HistoryIndex="22">
      <Position1>
        <Filename Value="LlenarCelda.pas"/>
        <Caret Line="252" Column="34" TopLine="240"/>
      </Position1>
      <Position2>
        <Filename Value="LlenarCelda.pas"/>
        <Caret Line="244" Column="34" TopLine="235"/>
      </Position2>
      <Position3>
        <Filename Value="LlenarCelda.pas"/>
        <Caret Line="280" Column="34" TopLine="268"/>
      </Position3>
      <Position4>
        <Filename Value="LlenarCelda.pas"/>
        <Caret Line="272" Column="34" TopLine="263"/>
      </Position4>
      <Position5>
        <Filename Value="LlenarCelda.pas"/>
        <Caret Line="308" Column="33" TopLine="296"/>
      </Position5>
      <Position6>
        <Filename Value="LlenarCelda.pas"/>
        <Caret Line="300" Column="33" TopLine="291"/>
      </Position6>
      <Position7>
        <Filename Value="LlenarCelda.pas"/>
        <Caret Line="336" Column="33" TopLine="324"/>
      </Position7>
      <Position8>
        <Filename Value="LlenarCelda.pas"/>
        <Caret Line="328" Column="33" TopLine="319"/>
      </Position8>
      <Position9>
        <Filename Value="LlenarCelda.pas"/>
        <Caret Line="438" Column="33" TopLine="426"/>
      </Position9>
      <Position10>
        <Filename Value="LlenarCelda.pas"/>
        <Caret Line="430" Column="33" TopLine="421"/>
      </Position10>
      <Position11>
        <Filename Value="LlenarCelda.pas"/>
        <Caret Line="395" Column="34" TopLine="382"/>
      </Position11>
      <Position12>
        <Filename Value="LlenarCelda.pas"/>
        <Caret Line="383" Column="8" TopLine="377"/>
      </Position12>
      <Position13>
        <Filename Value="LlenarCelda.pas"/>
        <Caret Line="432" Column="34" TopLine="419"/>
      </Position13>
      <Position14>
        <Filename Value="LlenarCelda.pas"/>
        <Caret Line="530" Column="34" TopLine="513"/>
      </Position14>
      <Position15>
        <Filename Value="LlenarCelda.pas"/>
        <Caret Line="208" Column="34" TopLine="195"/>
      </Position15>
      <Position16>
        <Filename Value="LlenarCelda.pas"/>
        <Caret Line="237" Column="34" TopLine="224"/>
      </Position16>
      <Position17>
        <Filename Value="LlenarCelda.pas"/>
        <Caret Line="374" Column="34" TopLine="361"/>
      </Position17>
      <Position18>
        <Filename Value="LlenarCelda.pas"/>
        <Caret Line="514" Column="34" TopLine="501"/>
      </Position18>
      <Position19>
        <Filename Value="LlenarCelda.pas"/>
        <Caret Line="264" Column="34" TopLine="252"/>
      </Position19>
      <Position20>
        <Filename Value="LlenarCelda.pas"/>
        <Caret Line="291" Column="34" TopLine="279"/>
      </Position20>
      <Position21>
        <Filename Value="LlenarCelda.pas"/>
        <Caret Line="318" Column="34" TopLine="306"/>
      </Position21>
      <Position22>
        <Filename Value="LlenarCelda.pas"/>
        <Caret Line="345" Column="34" TopLine="333"/>
      </Position22>
      <Position23>
        <Filename Value="LlenarCelda.pas"/>
        <Caret Line="459" Column="34" TopLine="447"/>
      </Position23>
    </JumpHistory>
  </ProjectOptions>
  <CompilerOptions>
    <Version Value="9"/>
    <Parsing>
      <SyntaxOptions>
        <CStyleOperator Value="False"/>
        <UseAnsiStrings Value="False"/>
      </SyntaxOptions>
    </Parsing>
    <Other>
      <CompilerPath Value="$(CompPath)"/>
    </Other>
  </CompilerOptions>
  <Debugging>
    <Exceptions Count="3">
      <Item1>
        <Name Value="ECodetoolError"/>
      </Item1>
      <Item2>
        <Name Value="EFOpenError"/>
      </Item2>
      <Item3>
        <Name Value="EConvertError"/>
      </Item3>
    </Exceptions>
  </Debugging>
</CONFIG>
