<?xml version="1.0"?>
<CONFIG>
  <ProjectOptions>
    <PathDelim Value="/"/>
    <Version Value="7"/>
    <General>
      <Flags>
        <LRSInOutputDirectory Value="False"/>
      </Flags>
      <MainUnit Value="0"/>
      <TargetFileExt Value=""/>
      <ActiveEditorIndexAtStart Value="0"/>
    </General>
    <VersionInfo>
      <ProjectVersion Value=""/>
      <Language Value=""/>
      <CharSet Value=""/>
    </VersionInfo>
    <PublishOptions>
      <Version Value="2"/>
      <IgnoreBinaries Value="False"/>
      <IncludeFileFilter Value="*.(pas|pp|inc|lfm|lpr|lrs|lpi|lpk|sh|xml)"/>
      <ExcludeFileFilter Value="*.(bak|ppu|ppw|o|so);*~;backup"/>
    </PublishOptions>
    <RunParams>
      <local>
        <FormatVersion Value="1"/>
        <LaunchingApplication PathPlusParams="/usr/X11R6/bin/xterm -T 'Lazarus Run Output' -e $(LazarusDir)/tools/runwait.sh $(TargetCmdLine)"/>
      </local>
    </RunParams>
    <RequiredPackages Count="1">
      <Item1>
        <PackageName Value="LCL"/>
      </Item1>
    </RequiredPackages>
    <Units Count="27">
      <Unit0>
        <Filename Value="EdEsGlt.lpr"/>
        <IsPartOfProject Value="True"/>
        <CursorPos X="19" Y="25"/>
        <TopLine Value="1"/>
        <UsageCount Value="24"/>
      </Unit0>
      <Unit1>
        <Filename Value="EditorEscenarios.pas"/>
        <ComponentName Value="frmEditorEscenarios"/>
        <HasResources Value="True"/>
        <IsPartOfProject Value="True"/>
        <ResourceBaseClass Value="Form"/>
        <UnitName Value="EditorEscenarios"/>
        <CursorPos X="7" Y="1444"/>
        <TopLine Value="1441"/>
        <EditorIndex Value="0"/>
        <UsageCount Value="24"/>
        <Bookmarks Count="1">
          <Item0 X="44" Y="1444" ID="1"/>
        </Bookmarks>
        <Loaded Value="True"/>
      </Unit1>
      <Unit2>
        <Filename Value="NuevoEscenario.pas"/>
        <ComponentName Value="frmNuevoEscenario"/>
        <HasResources Value="True"/>
        <IsPartOfProject Value="True"/>
        <ResourceBaseClass Value="Form"/>
        <UnitName Value="NuevoEscenario"/>
        <CursorPos X="20" Y="64"/>
        <TopLine Value="37"/>
        <UsageCount Value="24"/>
      </Unit2>
      <Unit3>
        <Filename Value="PropiedadesEscenario.pas"/>
        <ComponentName Value="frmPropiedadesEscenario"/>
        <HasResources Value="True"/>
        <IsPartOfProject Value="True"/>
        <ResourceBaseClass Value="Form"/>
        <UnitName Value="PropiedadesEscenario"/>
        <CursorPos X="36" Y="55"/>
        <TopLine Value="28"/>
        <UsageCount Value="24"/>
      </Unit3>
      <Unit4>
        <Filename Value="SeleccionarMixto.pas"/>
        <ComponentName Value="frmSeleccionarMixto"/>
        <HasResources Value="True"/>
        <IsPartOfProject Value="True"/>
        <ResourceBaseClass Value="Form"/>
        <UnitName Value="SeleccionarMixto"/>
        <CursorPos X="34" Y="51"/>
        <TopLine Value="24"/>
        <UsageCount Value="24"/>
      </Unit4>
      <Unit5>
        <Filename Value="VerSustrato.pas"/>
        <ComponentName Value="frmVerSustrato"/>
        <HasResources Value="True"/>
        <IsPartOfProject Value="True"/>
        <ResourceBaseClass Value="Form"/>
        <UnitName Value="VerSustrato"/>
        <CursorPos X="3" Y="18"/>
        <TopLine Value="1"/>
        <UsageCount Value="24"/>
      </Unit5>
      <Unit6>
        <Filename Value="AcercaEdEs.pas"/>
        <ComponentName Value="frmAcerca"/>
        <HasResources Value="True"/>
        <IsPartOfProject Value="True"/>
        <ResourceBaseClass Value="Form"/>
        <UnitName Value="AcercaEdEs"/>
        <CursorPos X="3" Y="17"/>
        <TopLine Value="1"/>
        <UsageCount Value="24"/>
      </Unit6>
      <Unit7>
        <Filename Value="SeleccionaJuego.pas"/>
        <ComponentName Value="frmSeleccionaJuego"/>
        <HasResources Value="True"/>
        <IsPartOfProject Value="True"/>
        <ResourceBaseClass Value="Form"/>
        <UnitName Value="SeleccionaJuego"/>
        <CursorPos X="3" Y="10"/>
        <TopLine Value="1"/>
        <UsageCount Value="24"/>
      </Unit7>
      <Unit8>
        <Filename Value="PantallaEscenario.pas"/>
        <ComponentName Value="frmPantallaEscenario"/>
        <HasResources Value="True"/>
        <IsPartOfProject Value="True"/>
        <ResourceBaseClass Value="Form"/>
        <UnitName Value="PantallaEscenario"/>
        <CursorPos X="19" Y="33"/>
        <TopLine Value="6"/>
        <UsageCount Value="24"/>
      </Unit8>
      <Unit9>
        <Filename Value="../../../usr/share/fpcsrc/2.2.2/rtl/unix/classes.pp"/>
        <UnitName Value="classes"/>
        <CursorPos X="5" Y="36"/>
        <TopLine Value="7"/>
        <UsageCount Value="10"/>
      </Unit9>
      <Unit10>
        <Filename Value="FuncElementosCadenas.pas"/>
        <UnitName Value="FuncElementosCadenas"/>
        <CursorPos X="1" Y="29"/>
        <TopLine Value="3"/>
        <UsageCount Value="10"/>
      </Unit10>
      <Unit11>
        <Filename Value="Entornos.pas"/>
        <UnitName Value="Entornos"/>
        <CursorPos X="3" Y="129"/>
        <TopLine Value="102"/>
        <UsageCount Value="10"/>
      </Unit11>
      <Unit12>
        <Filename Value="Mediadores.pas"/>
        <UnitName Value="Mediadores"/>
        <CursorPos X="11" Y="131"/>
        <TopLine Value="103"/>
        <UsageCount Value="10"/>
      </Unit12>
      <Unit13>
        <Filename Value="Cruzadores.pas"/>
        <UnitName Value="Cruzadores"/>
        <CursorPos X="26" Y="11"/>
        <TopLine Value="1"/>
        <UsageCount Value="10"/>
      </Unit13>
      <Unit14>
        <Filename Value="Dibujo.pas"/>
        <UnitName Value="Dibujo"/>
        <CursorPos X="3" Y="11"/>
        <TopLine Value="1"/>
        <EditorIndex Value="1"/>
        <UsageCount Value="10"/>
        <Loaded Value="True"/>
      </Unit14>
      <Unit15>
        <Filename Value="Escenarios.pas"/>
        <UnitName Value="Escenarios"/>
        <CursorPos X="31" Y="93"/>
        <TopLine Value="86"/>
        <UsageCount Value="11"/>
      </Unit15>
      <Unit16>
        <Filename Value="../../../../usr/lib/lazarus/lcl/include/customcontrol.inc"/>
        <CursorPos X="1" Y="81"/>
        <TopLine Value="66"/>
        <UsageCount Value="10"/>
      </Unit16>
      <Unit17>
        <Filename Value="../../../../usr/lib/lazarus/lcl/include/customform.inc"/>
        <CursorPos X="1" Y="817"/>
        <TopLine Value="802"/>
        <UsageCount Value="10"/>
      </Unit17>
      <Unit18>
        <Filename Value="../../../../usr/lib/lazarus/lcl/include/canvas.inc"/>
        <CursorPos X="1" Y="1502"/>
        <TopLine Value="1487"/>
        <UsageCount Value="10"/>
      </Unit18>
      <Unit19>
        <Filename Value="../../../../usr/lib/lazarus/lcl/include/wincontrol.inc"/>
        <CursorPos X="1" Y="4308"/>
        <TopLine Value="4293"/>
        <UsageCount Value="10"/>
      </Unit19>
      <Unit20>
        <Filename Value="../../../../usr/lib/lazarus/lcl/include/control.inc"/>
        <CursorPos X="1" Y="611"/>
        <TopLine Value="596"/>
        <UsageCount Value="10"/>
      </Unit20>
      <Unit21>
        <Filename Value="../../../../usr/lib/lazarus/lcl/include/winapi.inc"/>
        <CursorPos X="1" Y="656"/>
        <TopLine Value="641"/>
        <UsageCount Value="10"/>
      </Unit21>
      <Unit22>
        <Filename Value="../../../../usr/lib/lazarus/lcl/interfaces/gtk/gtkwinapi.inc"/>
        <CursorPos X="1" Y="4882"/>
        <TopLine Value="4867"/>
        <UsageCount Value="10"/>
      </Unit22>
      <Unit23>
        <Filename Value="../../../../usr/lib/lazarus/lcl/include/intfbasewinapi.inc"/>
        <CursorPos X="1" Y="1225"/>
        <TopLine Value="1210"/>
        <UsageCount Value="10"/>
      </Unit23>
      <Unit24>
        <Filename Value="../../../../usr/lib/lazarus/lcl/interfaces/gtk/gtkwidgetset.inc"/>
        <CursorPos X="1" Y="4383"/>
        <TopLine Value="4368"/>
        <UsageCount Value="10"/>
      </Unit24>
      <Unit25>
        <Filename Value="../../../../usr/lib/lazarus/lcl/dynhasharray.pp"/>
        <UnitName Value="DynHashArray"/>
        <CursorPos X="1" Y="637"/>
        <TopLine Value="622"/>
        <UsageCount Value="10"/>
      </Unit25>
      <Unit26>
        <Filename Value="../../../../usr/lib/lazarus/lcl/interfaces/gtk/gtkdef.pp"/>
        <UnitName Value="GtkDef"/>
        <CursorPos X="1" Y="628"/>
        <TopLine Value="613"/>
        <UsageCount Value="10"/>
      </Unit26>
    </Units>
    <JumpHistory Count="19" HistoryIndex="18">
      <Position1>
        <Filename Value="EditorEscenarios.pas"/>
        <Caret Line="1442" Column="3" TopLine="1435"/>
      </Position1>
      <Position2>
        <Filename Value="EditorEscenarios.pas"/>
        <Caret Line="981" Column="3" TopLine="975"/>
      </Position2>
      <Position3>
        <Filename Value="EditorEscenarios.pas"/>
        <Caret Line="947" Column="15" TopLine="68"/>
      </Position3>
      <Position4>
        <Filename Value="EditorEscenarios.pas"/>
        <Caret Line="237" Column="27" TopLine="222"/>
      </Position4>
      <Position5>
        <Filename Value="EditorEscenarios.pas"/>
        <Caret Line="606" Column="14" TopLine="568"/>
      </Position5>
      <Position6>
        <Filename Value="EditorEscenarios.pas"/>
        <Caret Line="1450" Column="4" TopLine="1432"/>
      </Position6>
      <Position7>
        <Filename Value="EditorEscenarios.pas"/>
        <Caret Line="15" Column="11" TopLine="1"/>
      </Position7>
      <Position8>
        <Filename Value="EditorEscenarios.pas"/>
        <Caret Line="357" Column="23" TopLine="342"/>
      </Position8>
      <Position9>
        <Filename Value="EditorEscenarios.pas"/>
        <Caret Line="375" Column="24" TopLine="360"/>
      </Position9>
      <Position10>
        <Filename Value="EditorEscenarios.pas"/>
        <Caret Line="608" Column="17" TopLine="226"/>
      </Position10>
      <Position11>
        <Filename Value="EditorEscenarios.pas"/>
        <Caret Line="32" Column="5" TopLine="29"/>
      </Position11>
      <Position12>
        <Filename Value="EditorEscenarios.pas"/>
        <Caret Line="223" Column="29" TopLine="209"/>
      </Position12>
      <Position13>
        <Filename Value="EditorEscenarios.pas"/>
        <Caret Line="1511" Column="13" TopLine="1489"/>
      </Position13>
      <Position14>
        <Filename Value="Dibujo.pas"/>
        <Caret Line="28" Column="15" TopLine="19"/>
      </Position14>
      <Position15>
        <Filename Value="EditorEscenarios.pas"/>
        <Caret Line="1511" Column="13" TopLine="1489"/>
      </Position15>
      <Position16>
        <Filename Value="EditorEscenarios.pas"/>
        <Caret Line="566" Column="1" TopLine="559"/>
      </Position16>
      <Position17>
        <Filename Value="EditorEscenarios.pas"/>
        <Caret Line="467" Column="17" TopLine="461"/>
      </Position17>
      <Position18>
        <Filename Value="EditorEscenarios.pas"/>
        <Caret Line="466" Column="60" TopLine="458"/>
      </Position18>
      <Position19>
        <Filename Value="EditorEscenarios.pas"/>
        <Caret Line="314" Column="4" TopLine="309"/>
      </Position19>
    </JumpHistory>
  </ProjectOptions>
  <CompilerOptions>
    <Version Value="8"/>
    <Other>
      <CompilerPath Value="$(CompPath)"/>
    </Other>
  </CompilerOptions>
  <Debugging>
    <Exceptions Count="2">
      <Item1>
        <Name Value="ECodetoolError"/>
      </Item1>
      <Item2>
        <Name Value="EFOpenError"/>
      </Item2>
    </Exceptions>
  </Debugging>
</CONFIG>
