<?xml version="1.0" encoding="UTF-8"?>
<CONFIG>
  <ProjectOptions>
    <Version Value="12"/>
    <General>
      <Flags>
        <LRSInOutputDirectory Value="False"/>
        <CompatibilityMode Value="True"/>
      </Flags>
    </General>
    <BuildModes Count="1">
      <Item1 Name="default" Default="True"/>
    </BuildModes>
    <PublishOptions>
      <Version Value="2"/>
    </PublishOptions>
    <RunParams>
      <local>
        <LaunchingApplication PathPlusParams="/usr/X11R6/bin/xterm -T &apos;Lazarus Run Output&apos; -e $(LazarusDir)/tools/runwait.sh $(TargetCmdLine)"/>
      </local>
      <FormatVersion Value="2"/>
      <Modes Count="1">
        <Mode0 Name="default">
          <local>
            <LaunchingApplication PathPlusParams="/usr/X11R6/bin/xterm -T &apos;Lazarus Run Output&apos; -e $(LazarusDir)/tools/runwait.sh $(TargetCmdLine)"/>
          </local>
        </Mode0>
      </Modes>
    </RunParams>
    <RequiredPackages Count="1">
      <Item1>
        <PackageName Value="LCL"/>
      </Item1>
    </RequiredPackages>
    <Units Count="24">
      <Unit0>
        <Filename Value="Galatea.lpr"/>
        <IsPartOfProject Value="True"/>
        <UsageCount Value="41"/>
      </Unit0>
      <Unit1>
        <Filename Value="Principal.pas"/>
        <IsPartOfProject Value="True"/>
        <ComponentName Value="frmPrincipal"/>
        <HasResources Value="True"/>
        <ResourceBaseClass Value="Form"/>
        <IsVisibleTab Value="True"/>
        <TopLine Value="313"/>
        <CursorPos X="23" Y="362"/>
        <UsageCount Value="41"/>
        <Bookmarks Count="2">
          <Item0 X="3" Y="436" ID="1"/>
          <Item1 X="3" Y="392" ID="2"/>
        </Bookmarks>
        <Loaded Value="True"/>
        <LoadedDesigner Value="True"/>
      </Unit1>
      <Unit2>
        <Filename Value="OpcionesProyecto.pas"/>
        <IsPartOfProject Value="True"/>
        <ComponentName Value="frmOpcionesProyecto"/>
        <HasResources Value="True"/>
        <ResourceBaseClass Value="Form"/>
        <EditorIndex Value="-1"/>
        <TopLine Value="10"/>
        <CursorPos X="20" Y="38"/>
        <UsageCount Value="41"/>
      </Unit2>
      <Unit3>
        <Filename Value="SeleccionaEntorno.pas"/>
        <IsPartOfProject Value="True"/>
        <ComponentName Value="frmSeleccionaEntorno"/>
        <HasResources Value="True"/>
        <ResourceBaseClass Value="Form"/>
        <CursorPos X="3" Y="10"/>
        <UsageCount Value="41"/>
      </Unit3>
      <Unit4>
        <Filename Value="NuevoProyecto.pas"/>
        <IsPartOfProject Value="True"/>
        <ComponentName Value="frmNuevoProyecto"/>
        <HasResources Value="True"/>
        <ResourceBaseClass Value="Form"/>
        <CursorPos X="3" Y="8"/>
        <UsageCount Value="41"/>
      </Unit4>
      <Unit5>
        <Filename Value="Generales.pas"/>
        <IsPartOfProject Value="True"/>
        <ComponentName Value="frmGenerales"/>
        <HasResources Value="True"/>
        <ResourceBaseClass Value="Form"/>
        <TopLine Value="71"/>
        <CursorPos X="14" Y="83"/>
        <UsageCount Value="41"/>
      </Unit5>
      <Unit6>
        <Filename Value="BuscarCarpeta.pas"/>
        <IsPartOfProject Value="True"/>
        <ComponentName Value="frmBuscarCarpeta"/>
        <HasResources Value="True"/>
        <ResourceBaseClass Value="Form"/>
        <CursorPos X="31" Y="10"/>
        <UsageCount Value="41"/>
      </Unit6>
      <Unit7>
        <Filename Value="Proyectos.pas"/>
        <EditorIndex Value="1"/>
        <TopLine Value="257"/>
        <CursorPos X="41" Y="287"/>
        <UsageCount Value="16"/>
        <Loaded Value="True"/>
      </Unit7>
      <Unit8>
        <Filename Value="Escenarios.pas"/>
        <TopLine Value="196"/>
        <CursorPos X="30" Y="211"/>
        <UsageCount Value="13"/>
      </Unit8>
      <Unit9>
        <Filename Value="Calculate.pas"/>
        <TopLine Value="345"/>
        <CursorPos Y="361"/>
        <UsageCount Value="10"/>
      </Unit9>
      <Unit10>
        <Filename Value="Comunes.pas"/>
        <EditorIndex Value="3"/>
        <TopLine Value="84"/>
        <CursorPos X="26" Y="94"/>
        <UsageCount Value="10"/>
        <Loaded Value="True"/>
      </Unit10>
      <Unit11>
        <Filename Value="Sustratos.pas"/>
        <EditorIndex Value="-1"/>
        <TopLine Value="29"/>
        <CursorPos X="28" Y="57"/>
        <UsageCount Value="10"/>
      </Unit11>
      <Unit12>
        <Filename Value="../../../usr/lib/lazarus/lcl/graphics.pp"/>
        <UnitName Value="Graphics"/>
        <TopLine Value="236"/>
        <CursorPos X="3" Y="251"/>
        <UsageCount Value="10"/>
      </Unit12>
      <Unit13>
        <Filename Value="../../../usr/lib/lazarus/lcl/graphtype.pp"/>
        <UnitName Value="GraphType"/>
        <TopLine Value="24"/>
        <CursorPos X="45" Y="39"/>
        <UsageCount Value="10"/>
      </Unit13>
      <Unit14>
        <Filename Value="Agentes.pas"/>
        <EditorIndex Value="2"/>
        <TopLine Value="1881"/>
        <CursorPos X="5" Y="1881"/>
        <UsageCount Value="11"/>
        <Loaded Value="True"/>
      </Unit14>
      <Unit15>
        <Filename Value="Carruseles.pas"/>
        <UsageCount Value="10"/>
      </Unit15>
      <Unit16>
        <Filename Value="ArchivosSalida.pas"/>
        <EditorIndex Value="-1"/>
        <TopLine Value="35"/>
        <CursorPos X="15" Y="63"/>
        <UsageCount Value="13"/>
      </Unit16>
      <Unit17>
        <Filename Value="Elementos.pas"/>
        <TopLine Value="103"/>
        <CursorPos X="60" Y="111"/>
        <UsageCount Value="10"/>
      </Unit17>
      <Unit18>
        <Filename Value="JuegoAgentes.pas"/>
        <TopLine Value="1257"/>
        <CursorPos X="54" Y="1267"/>
        <UsageCount Value="10"/>
      </Unit18>
      <Unit19>
        <Filename Value="Entornos.pas"/>
        <CursorPos X="56" Y="510"/>
        <UsageCount Value="10"/>
      </Unit19>
      <Unit20>
        <Filename Value="galateac.lpi"/>
        <TopLine Value="220"/>
        <SyntaxHighlighter Value="XML"/>
        <UsageCount Value="10"/>
      </Unit20>
      <Unit21>
        <Filename Value="FuncElementosCadenas.pas"/>
        <EditorIndex Value="-1"/>
        <TopLine Value="198"/>
        <CursorPos X="3" Y="226"/>
        <UsageCount Value="11"/>
      </Unit21>
      <Unit22>
        <Filename Value="Principal.lfm"/>
        <EditorIndex Value="-1"/>
        <TopLine Value="1466"/>
        <CursorPos X="32" Y="1478"/>
        <UsageCount Value="10"/>
        <DefaultSyntaxHighlighter Value="LFM"/>
      </Unit22>
      <Unit23>
        <Filename Value="/usr/share/lazarus/3.2.0/lcl/lresources.pp"/>
        <UnitName Value="LResources"/>
        <EditorIndex Value="-1"/>
        <TopLine Value="3156"/>
        <CursorPos Y="3164"/>
        <UsageCount Value="10"/>
      </Unit23>
    </Units>
    <JumpHistory Count="19" HistoryIndex="18">
      <Position1>
        <Filename Value="Principal.pas"/>
        <Caret Line="416" Column="27" TopLine="392"/>
      </Position1>
      <Position2>
        <Filename Value="Principal.pas"/>
        <Caret Line="1247" Column="14" TopLine="1225"/>
      </Position2>
      <Position3>
        <Filename Value="Principal.pas"/>
        <Caret Line="1339" Column="49" TopLine="1337"/>
      </Position3>
      <Position4>
        <Filename Value="Principal.pas"/>
        <Caret Line="1357" Column="32" TopLine="1306"/>
      </Position4>
      <Position5>
        <Filename Value="Principal.pas"/>
        <Caret Line="759" Column="3" TopLine="757"/>
      </Position5>
      <Position6>
        <Filename Value="Proyectos.pas"/>
        <Caret Line="72" Column="15" TopLine="40"/>
      </Position6>
      <Position7>
        <Filename Value="Proyectos.pas"/>
        <Caret Line="290" Column="29" TopLine="281"/>
      </Position7>
      <Position8>
        <Filename Value="Proyectos.pas"/>
        <Caret Line="42" Column="17" TopLine="9"/>
      </Position8>
      <Position9>
        <Filename Value="Proyectos.pas"/>
        <Caret Line="189" Column="6" TopLine="173"/>
      </Position9>
      <Position10>
        <Filename Value="Agentes.pas"/>
        <Caret Line="352" Column="17" TopLine="318"/>
      </Position10>
      <Position11>
        <Filename Value="Agentes.pas"/>
        <Caret Line="342" Column="20" TopLine="318"/>
      </Position11>
      <Position12>
        <Filename Value="Agentes.pas"/>
        <Caret Line="1630" Column="3" TopLine="1628"/>
      </Position12>
      <Position13>
        <Filename Value="Principal.pas"/>
        <Caret Line="759" Column="3" TopLine="757"/>
      </Position13>
      <Position14>
        <Filename Value="Proyectos.pas"/>
        <Caret Line="72" Column="20" TopLine="40"/>
      </Position14>
      <Position15>
        <Filename Value="Proyectos.pas"/>
        <Caret Line="295" Column="16" TopLine="281"/>
      </Position15>
      <Position16>
        <Filename Value="Proyectos.pas"/>
        <Caret Line="97" Column="14" TopLine="70"/>
      </Position16>
      <Position17>
        <Filename Value="Proyectos.pas"/>
        <Caret Line="287" Column="41" TopLine="257"/>
      </Position17>
      <Position18>
        <Filename Value="Principal.pas"/>
        <Caret Line="326" Column="4" TopLine="293"/>
      </Position18>
      <Position19>
        <Filename Value="Principal.pas"/>
        <Caret Line="1175" Column="4" TopLine="1142"/>
      </Position19>
    </JumpHistory>
  </ProjectOptions>
  <CompilerOptions>
    <Version Value="11"/>
    <Parsing>
      <SyntaxOptions>
        <CStyleOperator Value="False"/>
        <UseAnsiStrings Value="False"/>
      </SyntaxOptions>
    </Parsing>
    <Linking>
      <Debugging>
        <DebugInfoType Value="dsDwarf3"/>
      </Debugging>
    </Linking>
  </CompilerOptions>
  <Debugging>
    <Exceptions Count="3">
      <Item1>
        <Name Value="ECodetoolError"/>
      </Item1>
      <Item2>
        <Name Value="EFOpenError"/>
      </Item2>
      <Item3>
        <Name Value="EConvertError"/>
      </Item3>
    </Exceptions>
  </Debugging>
</CONFIG>
